
Microsoft Visual Studio Solution File, Format Version 11.00
# Visual Studio 2010
Project("{FAE04EC0-301F-11D3-BF4B-00C04F79EFBC}") = "WMS_KAMAZ", "WMS_KAMAZ\WMS_KAMAZ.csproj", "{711C7665-028F-4765-B5E7-C65B7C78CE65}"
EndProject
Global
	GlobalSection(SolutionConfigurationPlatforms) = preSolution
		Debug|x86 = Debug|x86
		Release|x86 = Release|x86
	EndGlobalSection
	GlobalSection(ProjectConfigurationPlatforms) = postSolution
		{711C7665-028F-4765-B5E7-C65B7C78CE65}.Debug|x86.ActiveCfg = Debug|x86
		{711C7665-028F-4765-B5E7-C65B7C78CE65}.Debug|x86.Build.0 = Debug|x86
		{711C7665-028F-4765-B5E7-C65B7C78CE65}.Release|x86.ActiveCfg = Release|x86
		{711C7665-028F-4765-B5E7-C65B7C78CE65}.Release|x86.Build.0 = Release|x86
	EndGlobalSection
	GlobalSection(SolutionProperties) = preSolution
		HideSolutionNode = FALSE
	EndGlobalSection
EndGlobal
